PODS:
  - Alamofire (4.2.0)
  - FLEX (2.4.0)
  - SnapKit (3.0.2)
  - SWXMLHash (3.0.3)

DEPENDENCIES:
  - Alamofire (~> 4.0)
  - FLEX (~> 2.0)
  - SnapKit (~> 3.0.2)
  - SWXMLHash (~> 3.0.0)

SPEC CHECKSUMS:
  Alamofire: aa2e09d871c9160ac53c90e83c68064a94e3dfbe
  FLEX: bd1a39e55b56bb413b6f1b34b3c10a0dc44ef079
  SnapKit: 2e456761aa92d4d4067a7a5594c18769d451a8ad
  SWXMLHash: 80d2529d74891bb2f15305a0b9e08f2a4f229ee7

PODFILE CHECKSUM: c787f4e5ba1918bed7c62759a5786629097b6e0a

COCOAPODS: 1.2.0.beta.1
